
Microsoft Visual Studio Solution File, Format Version 12.00
Project("{FAE04EC0-301F-11D3-BF4B-00C04F79EFBC}") = "JustForTheWin", "JustForTheWin\JustForTheWin.csproj", "{567D3D71-E003-4B02-9E4E-5DF1A43E8EA9}"
EndProject
Project("{FAE04EC0-301F-11D3-BF4B-00C04F79EFBC}") = "JustForTheWin.Tests", "JustForTheWin.Tests\JustForTheWin.Tests.csproj", "{1494CE51-A0B2-404B-A6C5-3CEEDC18715B}"
EndProject
Global
	GlobalSection(SolutionConfigurationPlatforms) = preSolution
		Debug|Any CPU = Debug|Any CPU
		Release|Any CPU = Release|Any CPU
	EndGlobalSection
	GlobalSection(ProjectConfigurationPlatforms) = postSolution
		{567D3D71-E003-4B02-9E4E-5DF1A43E8EA9}.Debug|Any CPU.ActiveCfg = Debug|Any CPU
		{567D3D71-E003-4B02-9E4E-5DF1A43E8EA9}.Debug|Any CPU.Build.0 = Debug|Any CPU
		{567D3D71-E003-4B02-9E4E-5DF1A43E8EA9}.Release|Any CPU.ActiveCfg = Release|Any CPU
		{567D3D71-E003-4B02-9E4E-5DF1A43E8EA9}.Release|Any CPU.Build.0 = Release|Any CPU
		{1494CE51-A0B2-404B-A6C5-3CEEDC18715B}.Debug|Any CPU.ActiveCfg = Debug|Any CPU
		{1494CE51-A0B2-404B-A6C5-3CEEDC18715B}.Debug|Any CPU.Build.0 = Debug|Any CPU
		{1494CE51-A0B2-404B-A6C5-3CEEDC18715B}.Release|Any CPU.ActiveCfg = Release|Any CPU
		{1494CE51-A0B2-404B-A6C5-3CEEDC18715B}.Release|Any CPU.Build.0 = Release|Any CPU
	EndGlobalSection
EndGlobal
